
Microsoft Visual Studio Solution File, Format Version 12.00
# Visual Studio Version 16
VisualStudioVersion = 16.0.31105.61
MinimumVisualStudioVersion = 10.0.40219.1
Project("{FAE04EC0-301F-11D3-BF4B-00C04F79EFBC}") = "API", "API\API.csproj", "{493EFD12-3933-45E6-9E8E-38450EE56FE8}"
EndProject
Project("{FAE04EC0-301F-11D3-BF4B-00C04F79EFBC}") = "BLL", "BLL\BLL.csproj", "{C6640E59-48D4-4B09-85BB-6E7921E07F72}"
EndProject
Project("{FAE04EC0-301F-11D3-BF4B-00C04F79EFBC}") = "DAL", "DAL\DAL.csproj", "{21FA3B86-3BA8-41C4-8096-B298DFD4169E}"
EndProject
Global
	GlobalSection(SolutionConfigurationPlatforms) = preSolution
		Debug|Any CPU = Debug|Any CPU
		Release|Any CPU = Release|Any CPU
	EndGlobalSection
	GlobalSection(ProjectConfigurationPlatforms) = postSolution
		{493EFD12-3933-45E6-9E8E-38450EE56FE8}.Debug|Any CPU.ActiveCfg = Debug|Any CPU
		{493EFD12-3933-45E6-9E8E-38450EE56FE8}.Debug|Any CPU.Build.0 = Debug|Any CPU
		{493EFD12-3933-45E6-9E8E-38450EE56FE8}.Release|Any CPU.ActiveCfg = Release|Any CPU
		{493EFD12-3933-45E6-9E8E-38450EE56FE8}.Release|Any CPU.Build.0 = Release|Any CPU
		{C6640E59-48D4-4B09-85BB-6E7921E07F72}.Debug|Any CPU.ActiveCfg = Debug|Any CPU
		{C6640E59-48D4-4B09-85BB-6E7921E07F72}.Debug|Any CPU.Build.0 = Debug|Any CPU
		{C6640E59-48D4-4B09-85BB-6E7921E07F72}.Release|Any CPU.ActiveCfg = Release|Any CPU
		{C6640E59-48D4-4B09-85BB-6E7921E07F72}.Release|Any CPU.Build.0 = Release|Any CPU
		{21FA3B86-3BA8-41C4-8096-B298DFD4169E}.Debug|Any CPU.ActiveCfg = Debug|Any CPU
		{21FA3B86-3BA8-41C4-8096-B298DFD4169E}.Debug|Any CPU.Build.0 = Debug|Any CPU
		{21FA3B86-3BA8-41C4-8096-B298DFD4169E}.Release|Any CPU.ActiveCfg = Release|Any CPU
		{21FA3B86-3BA8-41C4-8096-B298DFD4169E}.Release|Any CPU.Build.0 = Release|Any CPU
	EndGlobalSection
	GlobalSection(SolutionProperties) = preSolution
		HideSolutionNode = FALSE
	EndGlobalSection
	GlobalSection(ExtensibilityGlobals) = postSolution
		SolutionGuid = {F4704BEA-571D-4E2B-B0A4-D6F42B2EAC9A}
	EndGlobalSection
EndGlobal
